
Microsoft Visual Studio Solution File, Format Version 12.00
# Visual Studio Version 17
VisualStudioVersion = 17.0.31808.319
MinimumVisualStudioVersion = 10.0.40219.1
Project("{FAE04EC0-301F-11D3-BF4B-00C04F79EFBC}") = "AndroidPrtTest.Android", "AndroidPrtTest\AndroidPrtTest.Android\AndroidPrtTest.Android.csproj", "{8955C914-EA3B-447A-BFA8-9EAA390CB597}"
EndProject
Project("{FAE04EC0-301F-11D3-BF4B-00C04F79EFBC}") = "AndroidPrtTest", "AndroidPrtTest\AndroidPrtTest\AndroidPrtTest.csproj", "{C778BF0F-8627-4A32-8C63-12FDF3EBBA41}"
EndProject
Global
	GlobalSection(SolutionConfigurationPlatforms) = preSolution
		Debug|Any CPU = Debug|Any CPU
		Debug|iPhone = Debug|iPhone
		Debug|iPhoneSimulator = Debug|iPhoneSimulator
		Release|Any CPU = Release|Any CPU
		Release|iPhone = Release|iPhone
		Release|iPhoneSimulator = Release|iPhoneSimulator
	EndGlobalSection
	GlobalSection(ProjectConfigurationPlatforms) = postSolution
		{8955C914-EA3B-447A-BFA8-9EAA390CB597}.Debug|Any CPU.ActiveCfg = Debug|Any CPU
		{8955C914-EA3B-447A-BFA8-9EAA390CB597}.Debug|Any CPU.Build.0 = Debug|Any CPU
		{8955C914-EA3B-447A-BFA8-9EAA390CB597}.Debug|Any CPU.Deploy.0 = Debug|Any CPU
		{8955C914-EA3B-447A-BFA8-9EAA390CB597}.Debug|iPhone.ActiveCfg = Debug|Any CPU
		{8955C914-EA3B-447A-BFA8-9EAA390CB597}.Debug|iPhone.Build.0 = Debug|Any CPU
		{8955C914-EA3B-447A-BFA8-9EAA390CB597}.Debug|iPhone.Deploy.0 = Debug|Any CPU
		{8955C914-EA3B-447A-BFA8-9EAA390CB597}.Debug|iPhoneSimulator.ActiveCfg = Debug|Any CPU
		{8955C914-EA3B-447A-BFA8-9EAA390CB597}.Debug|iPhoneSimulator.Build.0 = Debug|Any CPU
		{8955C914-EA3B-447A-BFA8-9EAA390CB597}.Debug|iPhoneSimulator.Deploy.0 = Debug|Any CPU
		{8955C914-EA3B-447A-BFA8-9EAA390CB597}.Release|Any CPU.ActiveCfg = Release|Any CPU
		{8955C914-EA3B-447A-BFA8-9EAA390CB597}.Release|Any CPU.Build.0 = Release|Any CPU
		{8955C914-EA3B-447A-BFA8-9EAA390CB597}.Release|Any CPU.Deploy.0 = Release|Any CPU
		{8955C914-EA3B-447A-BFA8-9EAA390CB597}.Release|iPhone.ActiveCfg = Release|Any CPU
		{8955C914-EA3B-447A-BFA8-9EAA390CB597}.Release|iPhone.Build.0 = Release|Any CPU
		{8955C914-EA3B-447A-BFA8-9EAA390CB597}.Release|iPhone.Deploy.0 = Release|Any CPU
		{8955C914-EA3B-447A-BFA8-9EAA390CB597}.Release|iPhoneSimulator.ActiveCfg = Release|Any CPU
		{8955C914-EA3B-447A-BFA8-9EAA390CB597}.Release|iPhoneSimulator.Build.0 = Release|Any CPU
		{8955C914-EA3B-447A-BFA8-9EAA390CB597}.Release|iPhoneSimulator.Deploy.0 = Release|Any CPU
		{C778BF0F-8627-4A32-8C63-12FDF3EBBA41}.Debug|Any CPU.ActiveCfg = Debug|Any CPU
		{C778BF0F-8627-4A32-8C63-12FDF3EBBA41}.Debug|Any CPU.Build.0 = Debug|Any CPU
		{C778BF0F-8627-4A32-8C63-12FDF3EBBA41}.Debug|Any CPU.Deploy.0 = Debug|Any CPU
		{C778BF0F-8627-4A32-8C63-12FDF3EBBA41}.Debug|iPhone.ActiveCfg = Debug|Any CPU
		{C778BF0F-8627-4A32-8C63-12FDF3EBBA41}.Debug|iPhone.Build.0 = Debug|Any CPU
		{C778BF0F-8627-4A32-8C63-12FDF3EBBA41}.Debug|iPhone.Deploy.0 = Debug|Any CPU
		{C778BF0F-8627-4A32-8C63-12FDF3EBBA41}.Debug|iPhoneSimulator.ActiveCfg = Debug|Any CPU
		{C778BF0F-8627-4A32-8C63-12FDF3EBBA41}.Debug|iPhoneSimulator.Build.0 = Debug|Any CPU
		{C778BF0F-8627-4A32-8C63-12FDF3EBBA41}.Debug|iPhoneSimulator.Deploy.0 = Debug|Any CPU
		{C778BF0F-8627-4A32-8C63-12FDF3EBBA41}.Release|Any CPU.ActiveCfg = Release|Any CPU
		{C778BF0F-8627-4A32-8C63-12FDF3EBBA41}.Release|Any CPU.Build.0 = Release|Any CPU
		{C778BF0F-8627-4A32-8C63-12FDF3EBBA41}.Release|Any CPU.Deploy.0 = Release|Any CPU
		{C778BF0F-8627-4A32-8C63-12FDF3EBBA41}.Release|iPhone.ActiveCfg = Release|Any CPU
		{C778BF0F-8627-4A32-8C63-12FDF3EBBA41}.Release|iPhone.Build.0 = Release|Any CPU
		{C778BF0F-8627-4A32-8C63-12FDF3EBBA41}.Release|iPhone.Deploy.0 = Release|Any CPU
		{C778BF0F-8627-4A32-8C63-12FDF3EBBA41}.Release|iPhoneSimulator.ActiveCfg = Release|Any CPU
		{C778BF0F-8627-4A32-8C63-12FDF3EBBA41}.Release|iPhoneSimulator.Build.0 = Release|Any CPU
		{C778BF0F-8627-4A32-8C63-12FDF3EBBA41}.Release|iPhoneSimulator.Deploy.0 = Release|Any CPU
	EndGlobalSection
	GlobalSection(SolutionProperties) = preSolution
		HideSolutionNode = FALSE
	EndGlobalSection
	GlobalSection(ExtensibilityGlobals) = postSolution
		SolutionGuid = {53C3B92F-FF2F-4084-8261-49EFC3392B55}
	EndGlobalSection
EndGlobal
